
Microsoft Visual Studio Solution File, Format Version 11.00
# Visual Studio 2010
Project("{FAE04EC0-301F-11D3-BF4B-00C04F79EFBC}") = "test unity", "Assembly-CSharp.csproj", "{9B12DF7D-28D0-C740-7D5D-5D1C27E3297F}"
EndProject
Project("{FAE04EC0-301F-11D3-BF4B-00C04F79EFBC}") = "test unity", "Assembly-CSharp-Editor.csproj", "{695BFFD9-88D3-ED78-D77A-36BF0E07CD36}"
EndProject
Global
	GlobalSection(SolutionConfigurationPlatforms) = preSolution
		Debug|Any CPU = Debug|Any CPU
		Release|Any CPU = Release|Any CPU
	EndGlobalSection
	GlobalSection(ProjectConfigurationPlatforms) = postSolution
		{9B12DF7D-28D0-C740-7D5D-5D1C27E3297F}.Debug|Any CPU.ActiveCfg = Debug|Any CPU
		{9B12DF7D-28D0-C740-7D5D-5D1C27E3297F}.Debug|Any CPU.Build.0 = Debug|Any CPU
		{9B12DF7D-28D0-C740-7D5D-5D1C27E3297F}.Release|Any CPU.ActiveCfg = Release|Any CPU
		{9B12DF7D-28D0-C740-7D5D-5D1C27E3297F}.Release|Any CPU.Build.0 = Release|Any CPU
		{695BFFD9-88D3-ED78-D77A-36BF0E07CD36}.Debug|Any CPU.ActiveCfg = Debug|Any CPU
		{695BFFD9-88D3-ED78-D77A-36BF0E07CD36}.Debug|Any CPU.Build.0 = Debug|Any CPU
		{695BFFD9-88D3-ED78-D77A-36BF0E07CD36}.Release|Any CPU.ActiveCfg = Release|Any CPU
		{695BFFD9-88D3-ED78-D77A-36BF0E07CD36}.Release|Any CPU.Build.0 = Release|Any CPU
	EndGlobalSection
	GlobalSection(SolutionProperties) = preSolution
		HideSolutionNode = FALSE
	EndGlobalSection
	GlobalSection(MonoDevelopProperties) = preSolution
		StartupItem = Assembly-CSharp.csproj
	EndGlobalSection
EndGlobal
